// !$*UTF8*$!
{
	archiveVersion = 1;
	classes = {
	};
	objectVersion = 46;
	objects = {

/* Begin PBXBuildFile section */
		966747381AC5BE6E008E06FF /* Foundation.framework in Frameworks */ = {isa = PBXBuildFile; fileRef = 966747371AC5BE6E008E06FF /* Foundation.framework */; };
		9667473A1AC5BE6E008E06FF /* CoreGraphics.framework in Frameworks */ = {isa = PBXBuildFile; fileRef = 966747391AC5BE6E008E06FF /* CoreGraphics.framework */; };
		9667473C1AC5BE6E008E06FF /* UIKit.framework in Frameworks */ = {isa = PBXBuildFile; fileRef = 9667473B1AC5BE6E008E06FF /* UIKit.framework */; };
		966747421AC5BE6E008E06FF /* InfoPlist.strings in Resources */ = {isa = PBXBuildFile; fileRef = 966747401AC5BE6E008E06FF /* InfoPlist.strings */; };
		966747441AC5BE6E008E06FF /* main.m in Sources */ = {isa = PBXBuildFile; fileRef = 966747431AC5BE6E008E06FF /* main.m */; };
		966747481AC5BE6E008E06FF /* CCAppDelegate.m in Sources */ = {isa = PBXBuildFile; fileRef = 966747471AC5BE6E008E06FF /* CCAppDelegate.m */; };
		9667474B1AC5BE6E008E06FF /* Main.storyboard in Resources */ = {isa = PBXBuildFile; fileRef = 966747491AC5BE6E008E06FF /* Main.storyboard */; };
		9667474E1AC5BE6E008E06FF /* CCViewController.m in Sources */ = {isa = PBXBuildFile; fileRef = 9667474D1AC5BE6E008E06FF /* CCViewController.m */; };
		966747501AC5BE6E008E06FF /* Images.xcassets in Resources */ = {isa = PBXBuildFile; fileRef = 9667474F1AC5BE6E008E06FF /* Images.xcassets */; };
		966747571AC5BE6E008E06FF /* XCTest.framework in Frameworks */ = {isa = PBXBuildFile; fileRef = 966747561AC5BE6E008E06FF /* XCTest.framework */; };
		966747581AC5BE6E008E06FF /* Foundation.framework in Frameworks */ = {isa = PBXBuildFile; fileRef = 966747371AC5BE6E008E06FF /* Foundation.framework */; };
		966747591AC5BE6E008E06FF /* UIKit.framework in Frameworks */ = {isa = PBXBuildFile; fileRef = 9667473B1AC5BE6E008E06FF /* UIKit.framework */; };
		966747611AC5BE6E008E06FF /* InfoPlist.strings in Resources */ = {isa = PBXBuildFile; fileRef = 9667475F1AC5BE6E008E06FF /* InfoPlist.strings */; };
		966747631AC5BE6E008E06FF /* UserDataChallengeSolutionTests.m in Sources */ = {isa = PBXBuildFile; fileRef = 966747621AC5BE6E008E06FF /* UserDataChallengeSolutionTests.m */; };
		9667476E1AC5BE95008E06FF /* CCUserData.m in Sources */ = {isa = PBXBuildFile; fileRef = 9667476D1AC5BE95008E06FF /* CCUserData.m */; };
		966747741AC5C1FC008E06FF /* person1.jpeg in Resources */ = {isa = PBXBuildFile; fileRef = 966747701AC5C1FC008E06FF /* person1.jpeg */; };
		966747751AC5C1FC008E06FF /* person2.jpeg in Resources */ = {isa = PBXBuildFile; fileRef = 966747711AC5C1FC008E06FF /* person2.jpeg */; };
		966747761AC5C1FC008E06FF /* person3.jpg in Resources */ = {isa = PBXBuildFile; fileRef = 966747721AC5C1FC008E06FF /* person3.jpg */; };
		966747771AC5C1FC008E06FF /* person4.jpeg in Resources */ = {isa = PBXBuildFile; fileRef = 966747731AC5C1FC008E06FF /* person4.jpeg */; };
/* End PBXBuildFile section */

/* Begin PBXContainerItemProxy section */
		9667475A1AC5BE6E008E06FF /* PBXContainerItemProxy */ = {
			isa = PBXContainerItemProxy;
			containerPortal = 9667472C1AC5BE6E008E06FF /* Project object */;
			proxyType = 1;
			remoteGlobalIDString = 966747331AC5BE6E008E06FF;
			remoteInfo = UserDataChallengeSolution;
		};
/* End PBXContainerItemProxy section */

/* Begin PBXFileReference section */
		966747341AC5BE6E008E06FF /* UserDataChallengeSolution.app */ = {isa = PBXFileReference; explicitFileType = wrapper.application; includeInIndex = 0; path = UserDataChallengeSolution.app; sourceTree = BUILT_PRODUCTS_DIR; };
		966747371AC5BE6E008E06FF /* Foundation.framework */ = {isa = PBXFileReference; lastKnownFileType = wrapper.framework; name = Foundation.framework; path = System/Library/Frameworks/Foundation.framework; sourceTree = SDKROOT; };
		966747391AC5BE6E008E06FF /* CoreGraphics.framework */ = {isa = PBXFileReference; lastKnownFileType = wrapper.framework; name = CoreGraphics.framework; path = System/Library/Frameworks/CoreGraphics.framework; sourceTree = SDKROOT; };
		9667473B1AC5BE6E008E06FF /* UIKit.framework */ = {isa = PBXFileReference; lastKnownFileType = wrapper.framework; name = UIKit.framework; path = System/Library/Frameworks/UIKit.framework; sourceTree = SDKROOT; };
		9667473F1AC5BE6E008E06FF /* UserDataChallengeSolution-Info.plist */ = {isa = PBXFileReference; lastKnownFileType = text.plist.xml; path = "UserDataChallengeSolution-Info.plist"; sourceTree = "<group>"; };
		966747411AC5BE6E008E06FF /* en */ = {isa = PBXFileReference; lastKnownFileType = text.plist.strings; name = en; path = en.lproj/InfoPlist.strings; sourceTree = "<group>"; };
		966747431AC5BE6E008E06FF /* main.m */ = {isa = PBXFileReference; lastKnownFileType = sourcecode.c.objc; path = main.m; sourceTree = "<group>"; };
		966747451AC5BE6E008E06FF /* UserDataChallengeSolution-Prefix.pch */ = {isa = PBXFileReference; lastKnownFileType = sourcecode.c.h; path = "UserDataChallengeSolution-Prefix.pch"; sourceTree = "<group>"; };
		966747461AC5BE6E008E06FF /* CCAppDelegate.h */ = {isa = PBXFileReference; lastKnownFileType = sourcecode.c.h; path = CCAppDelegate.h; sourceTree = "<group>"; };
		966747471AC5BE6E008E06FF /* CCAppDelegate.m */ = {isa = PBXFileReference; lastKnownFileType = sourcecode.c.objc; path = CCAppDelegate.m; sourceTree = "<group>"; };
		9667474A1AC5BE6E008E06FF /* Base */ = {isa = PBXFileReference; lastKnownFileType = file.storyboard; name = Base; path = Base.lproj/Main.storyboard; sourceTree = "<group>"; };
		9667474C1AC5BE6E008E06FF /* CCViewController.h */ = {isa = PBXFileReference; lastKnownFileType = sourcecode.c.h; path = CCViewController.h; sourceTree = "<group>"; };
		9667474D1AC5BE6E008E06FF /* CCViewController.m */ = {isa = PBXFileReference; lastKnownFileType = sourcecode.c.objc; path = CCViewController.m; sourceTree = "<group>"; };
		9667474F1AC5BE6E008E06FF /* Images.xcassets */ = {isa = PBXFileReference; lastKnownFileType = folder.assetcatalog; path = Images.xcassets; sourceTree = "<group>"; };
		966747551AC5BE6E008E06FF /* UserDataChallengeSolutionTests.xctest */ = {isa = PBXFileReference; explicitFileType = wrapper.cfbundle; includeInIndex = 0; path = UserDataChallengeSolutionTests.xctest; sourceTree = BUILT_PRODUCTS_DIR; };
		966747561AC5BE6E008E06FF /* XCTest.framework */ = {isa = PBXFileReference; lastKnownFileType = wrapper.framework; name = XCTest.framework; path = Library/Frameworks/XCTest.framework; sourceTree = DEVELOPER_DIR; };
		9667475E1AC5BE6E008E06FF /* UserDataChallengeSolutionTests-Info.plist */ = {isa = PBXFileReference; lastKnownFileType = text.plist.xml; path = "UserDataChallengeSolutionTests-Info.plist"; sourceTree = "<group>"; };
		966747601AC5BE6E008E06FF /* en */ = {isa = PBXFileReference; lastKnownFileType = text.plist.strings; name = en; path = en.lproj/InfoPlist.strings; sourceTree = "<group>"; };
		966747621AC5BE6E008E06FF /* UserDataChallengeSolutionTests.m */ = {isa = PBXFileReference; lastKnownFileType = sourcecode.c.objc; path = UserDataChallengeSolutionTests.m; sourceTree = "<group>"; };
		9667476C1AC5BE95008E06FF /* CCUserData.h */ = {isa = PBXFileReference; fileEncoding = 4; lastKnownFileType = sourcecode.c.h; name = CCUserData.h; path = ../CCUserData.h; sourceTree = "<group>"; };
		9667476D1AC5BE95008E06FF /* CCUserData.m */ = {isa = PBXFileReference; fileEncoding = 4; lastKnownFileType = sourcecode.c.objc; name = CCUserData.m; path = ../CCUserData.m; sourceTree = "<group>"; };
		966747701AC5C1FC008E06FF /* person1.jpeg */ = {isa = PBXFileReference; lastKnownFileType = image.jpeg; path = person1.jpeg; sourceTree = "<group>"; };
		966747711AC5C1FC008E06FF /* person2.jpeg */ = {isa = PBXFileReference; lastKnownFileType = image.jpeg; path = person2.jpeg; sourceTree = "<group>"; };
		966747721AC5C1FC008E06FF /* person3.jpg */ = {isa = PBXFileReference; lastKnownFileType = image.jpeg; path = person3.jpg; sourceTree = "<group>"; };
		966747731AC5C1FC008E06FF /* person4.jpeg */ = {isa = PBXFileReference; lastKnownFileType = image.jpeg; path = person4.jpeg; sourceTree = "<group>"; };
/* End PBXFileReference section */

/* Begin PBXFrameworksBuildPhase section */
		966747311AC5BE6E008E06FF /* Frameworks */ = {
			isa = PBXFrameworksBuildPhase;
			buildActionMask = 2147483647;
			files = (
				9667473A1AC5BE6E008E06FF /* CoreGraphics.framework in Frameworks */,
				9667473C1AC5BE6E008E06FF /* UIKit.framework in Frameworks */,
				966747381AC5BE6E008E06FF /* Foundation.framework in Frameworks */,
			);
			runOnlyForDeploymentPostprocessing = 0;
		};
		966747521AC5BE6E008E06FF /* Frameworks */ = {
			isa = PBXFrameworksBuildPhase;
			buildActionMask = 2147483647;
			files = (
				966747571AC5BE6E008E06FF /* XCTest.framework in Frameworks */,
				966747591AC5BE6E008E06FF /* UIKit.framework in Frameworks */,
				966747581AC5BE6E008E06FF /* Foundation.framework in Frameworks */,
			);
			runOnlyForDeploymentPostprocessing = 0;
		};
/* End PBXFrameworksBuildPhase section */

/* Begin PBXGroup section */
		9667472B1AC5BE6E008E06FF = {
			isa = PBXGroup;
			children = (
				9667473D1AC5BE6E008E06FF /* UserDataChallengeSolution */,
				9667475C1AC5BE6E008E06FF /* UserDataChallengeSolutionTests */,
				966747361AC5BE6E008E06FF /* Frameworks */,
				966747351AC5BE6E008E06FF /* Products */,
			);
			sourceTree = "<group>";
		};
		966747351AC5BE6E008E06FF /* Products */ = {
			isa = PBXGroup;
			children = (
				966747341AC5BE6E008E06FF /* UserDataChallengeSolution.app */,
				966747551AC5BE6E008E06FF /* UserDataChallengeSolutionTests.xctest */,
			);
			name = Products;
			sourceTree = "<group>";
		};
		966747361AC5BE6E008E06FF /* Frameworks */ = {
			isa = PBXGroup;
			children = (
				966747371AC5BE6E008E06FF /* Foundation.framework */,
				966747391AC5BE6E008E06FF /* CoreGraphics.framework */,
				9667473B1AC5BE6E008E06FF /* UIKit.framework */,
				966747561AC5BE6E008E06FF /* XCTest.framework */,
			);
			name = Frameworks;
			sourceTree = "<group>";
		};
		9667473D1AC5BE6E008E06FF /* UserDataChallengeSolution */ = {
			isa = PBXGroup;
			children = (
				966747461AC5BE6E008E06FF /* CCAppDelegate.h */,
				966747471AC5BE6E008E06FF /* CCAppDelegate.m */,
				966747491AC5BE6E008E06FF /* Main.storyboard */,
				9667474C1AC5BE6E008E06FF /* CCViewController.h */,
				9667474D1AC5BE6E008E06FF /* CCViewController.m */,
				9667474F1AC5BE6E008E06FF /* Images.xcassets */,
				9667476F1AC5BF32008E06FF /* Model */,
				9667473E1AC5BE6E008E06FF /* Supporting Files */,
			);
			path = UserDataChallengeSolution;
			sourceTree = "<group>";
		};
		9667473E1AC5BE6E008E06FF /* Supporting Files */ = {
			isa = PBXGroup;
			children = (
				9667473F1AC5BE6E008E06FF /* UserDataChallengeSolution-Info.plist */,
				966747701AC5C1FC008E06FF /* person1.jpeg */,
				966747711AC5C1FC008E06FF /* person2.jpeg */,
				966747721AC5C1FC008E06FF /* person3.jpg */,
				966747731AC5C1FC008E06FF /* person4.jpeg */,
				966747401AC5BE6E008E06FF /* InfoPlist.strings */,
				966747431AC5BE6E008E06FF /* main.m */,
				966747451AC5BE6E008E06FF /* UserDataChallengeSolution-Prefix.pch */,
			);
			name = "Supporting Files";
			sourceTree = "<group>";
		};
		9667475C1AC5BE6E008E06FF /* UserDataChallengeSolutionTests */ = {
			isa = PBXGroup;
			children = (
				966747621AC5BE6E008E06FF /* UserDataChallengeSolutionTests.m */,
				9667475D1AC5BE6E008E06FF /* Supporting Files */,
			);
			path = UserDataChallengeSolutionTests;
			sourceTree = "<group>";
		};
		9667475D1AC5BE6E008E06FF /* Supporting Files */ = {
			isa = PBXGroup;
			children = (
				9667475E1AC5BE6E008E06FF /* UserDataChallengeSolutionTests-Info.plist */,
				9667475F1AC5BE6E008E06FF /* InfoPlist.strings */,
			);
			name = "Supporting Files";
			sourceTree = "<group>";
		};
		9667476F1AC5BF32008E06FF /* Model */ = {
			isa = PBXGroup;
			children = (
				9667476C1AC5BE95008E06FF /* CCUserData.h */,
				9667476D1AC5BE95008E06FF /* CCUserData.m */,
			);
			name = Model;
			sourceTree = "<group>";
		};
/* End PBXGroup section */

/* Begin PBXNativeTarget section */
		966747331AC5BE6E008E06FF /* UserDataChallengeSolution */ = {
			isa = PBXNativeTarget;
			buildConfigurationList = 966747661AC5BE6E008E06FF /* Build configuration list for PBXNativeTarget "UserDataChallengeSolution" */;
			buildPhases = (
				966747301AC5BE6E008E06FF /* Sources */,
				966747311AC5BE6E008E06FF /* Frameworks */,
				966747321AC5BE6E008E06FF /* Resources */,
			);
			buildRules = (
			);
			dependencies = (
			);
			name = UserDataChallengeSolution;
			productName = UserDataChallengeSolution;
			productReference = 966747341AC5BE6E008E06FF /* UserDataChallengeSolution.app */;
			productType = "com.apple.product-type.application";
		};
		966747541AC5BE6E008E06FF /* UserDataChallengeSolutionTests */ = {
			isa = PBXNativeTarget;
			buildConfigurationList = 966747691AC5BE6E008E06FF /* Build configuration list for PBXNativeTarget "UserDataChallengeSolutionTests" */;
			buildPhases = (
				966747511AC5BE6E008E06FF /* Sources */,
				966747521AC5BE6E008E06FF /* Frameworks */,
				966747531AC5BE6E008E06FF /* Resources */,
			);
			buildRules = (
			);
			dependencies = (
				9667475B1AC5BE6E008E06FF /* PBXTargetDependency */,
			);
			name = UserDataChallengeSolutionTests;
			productName = UserDataChallengeSolutionTests;
			productReference = 966747551AC5BE6E008E06FF /* UserDataChallengeSolutionTests.xctest */;
			productType = "com.apple.product-type.bundle.unit-test";
		};
/* End PBXNativeTarget section */

/* Begin PBXProject section */
		9667472C1AC5BE6E008E06FF /* Project object */ = {
			isa = PBXProject;
			attributes = {
				CLASSPREFIX = CC;
				LastUpgradeCheck = 0510;
				ORGANIZATIONNAME = "Jim Veneskey";
				TargetAttributes = {
					966747541AC5BE6E008E06FF = {
						TestTargetID = 966747331AC5BE6E008E06FF;
					};
				};
			};
			buildConfigurationList = 9667472F1AC5BE6E008E06FF /* Build configuration list for PBXProject "UserDataChallengeSolution" */;
			compatibilityVersion = "Xcode 3.2";
			developmentRegion = English;
			hasScannedForEncodings = 0;
			knownRegions = (
				en,
				Base,
			);
			mainGroup = 9667472B1AC5BE6E008E06FF;
			productRefGroup = 966747351AC5BE6E008E06FF /* Products */;
			projectDirPath = "";
			projectRoot = "";
			targets = (
				966747331AC5BE6E008E06FF /* UserDataChallengeSolution */,
				966747541AC5BE6E008E06FF /* UserDataChallengeSolutionTests */,
			);
		};
/* End PBXProject section */

/* Begin PBXResourcesBuildPhase section */
		966747321AC5BE6E008E06FF /* Resources */ = {
			isa = PBXResourcesBuildPhase;
			buildActionMask = 2147483647;
			files = (
				966747761AC5C1FC008E06FF /* person3.jpg in Resources */,
				966747741AC5C1FC008E06FF /* person1.jpeg in Resources */,
				966747501AC5BE6E008E06FF /* Images.xcassets in Resources */,
				966747421AC5BE6E008E06FF /* InfoPlist.strings in Resources */,
				966747771AC5C1FC008E06FF /* person4.jpeg in Resources */,
				9667474B1AC5BE6E008E06FF /* Main.storyboard in Resources */,
				966747751AC5C1FC008E06FF /* person2.jpeg in Resources */,
			);
			runOnlyForDeploymentPostprocessing = 0;
		};
		966747531AC5BE6E008E06FF /* Resources */ = {
			isa = PBXResourcesBuildPhase;
			buildActionMask = 2147483647;
			files = (
				966747611AC5BE6E008E06FF /* InfoPlist.strings in Resources */,
			);
			runOnlyForDeploymentPostprocessing = 0;
		};
/* End PBXResourcesBuildPhase section */

/* Begin PBXSourcesBuildPhase section */
		966747301AC5BE6E008E06FF /* Sources */ = {
			isa = PBXSourcesBuildPhase;
			buildActionMask = 2147483647;
			files = (
				966747481AC5BE6E008E06FF /* CCAppDelegate.m in Sources */,
				966747441AC5BE6E008E06FF /* main.m in Sources */,
				9667476E1AC5BE95008E06FF /* CCUserData.m in Sources */,
				9667474E1AC5BE6E008E06FF /* CCViewController.m in Sources */,
			);
			runOnlyForDeploymentPostprocessing = 0;
		};
		966747511AC5BE6E008E06FF /* Sources */ = {
			isa = PBXSourcesBuildPhase;
			buildActionMask = 2147483647;
			files = (
				966747631AC5BE6E008E06FF /* UserDataChallengeSolutionTests.m in Sources */,
			);
			runOnlyForDeploymentPostprocessing = 0;
		};
/* End PBXSourcesBuildPhase section */

/* Begin PBXTargetDependency section */
		9667475B1AC5BE6E008E06FF /* PBXTargetDependency */ = {
			isa = PBXTargetDependency;
			target = 966747331AC5BE6E008E06FF /* UserDataChallengeSolution */;
			targetProxy = 9667475A1AC5BE6E008E06FF /* PBXContainerItemProxy */;
		};
/* End PBXTargetDependency section */

/* Begin PBXVariantGroup section */
		966747401AC5BE6E008E06FF /* InfoPlist.strings */ = {
			isa = PBXVariantGroup;
			children = (
				966747411AC5BE6E008E06FF /* en */,
			);
			name = InfoPlist.strings;
			sourceTree = "<group>";
		};
		966747491AC5BE6E008E06FF /* Main.storyboard */ = {
			isa = PBXVariantGroup;
			children = (
				9667474A1AC5BE6E008E06FF /* Base */,
			);
			name = Main.storyboard;
			sourceTree = "<group>";
		};
		9667475F1AC5BE6E008E06FF /* InfoPlist.strings */ = {
			isa = PBXVariantGroup;
			children = (
				966747601AC5BE6E008E06FF /* en */,
			);
			name = InfoPlist.strings;
			sourceTree = "<group>";
		};
/* End PBXVariantGroup section */

/* Begin XCBuildConfiguration section */
		966747641AC5BE6E008E06FF /* Debug */ = {
			isa = XCBuildConfiguration;
			buildSettings = {
				ALWAYS_SEARCH_USER_PATHS = NO;
				CLANG_CXX_LANGUAGE_STANDARD = "gnu++0x";
				CLANG_CXX_LIBRARY = "libc++";
				CLANG_ENABLE_MODULES = YES;
				CLANG_ENABLE_OBJC_ARC = YES;
				CLANG_WARN_BOOL_CONVERSION = YES;
				CLANG_WARN_CONSTANT_CONVERSION = YES;
				CLANG_WARN_DIRECT_OBJC_ISA_USAGE = YES_ERROR;
				CLANG_WARN_EMPTY_BODY = YES;
				CLANG_WARN_ENUM_CONVERSION = YES;
				CLANG_WARN_INT_CONVERSION = YES;
				CLANG_WARN_OBJC_ROOT_CLASS = YES_ERROR;
				CLANG_WARN__DUPLICATE_METHOD_MATCH = YES;
				"CODE_SIGN_IDENTITY[sdk=iphoneos*]" = "iPhone Developer";
				COPY_PHASE_STRIP = NO;
				GCC_C_LANGUAGE_STANDARD = gnu99;
				GCC_DYNAMIC_NO_PIC = NO;
				GCC_OPTIMIZATION_LEVEL = 0;
				GCC_PREPROCESSOR_DEFINITIONS = (
					"DEBUG=1",
					"$(inherited)",
				);
				GCC_SYMBOLS_PRIVATE_EXTERN = NO;
				GCC_WARN_64_TO_32_BIT_CONVERSION = YES;
				GCC_WARN_ABOUT_RETURN_TYPE = YES_ERROR;
				GCC_WARN_UNDECLARED_SELECTOR = YES;
				GCC_WARN_UNINITIALIZED_AUTOS = YES_AGGRESSIVE;
				GCC_WARN_UNUSED_FUNCTION = YES;
				GCC_WARN_UNUSED_VARIABLE = YES;
				IPHONEOS_DEPLOYMENT_TARGET = 7.1;
				ONLY_ACTIVE_ARCH = YES;
				SDKROOT = iphoneos;
			};
			name = Debug;
		};
		966747651AC5BE6E008E06FF /* Release */ = {
			isa = XCBuildConfiguration;
			buildSettings = {
				ALWAYS_SEARCH_USER_PATHS = NO;
				CLANG_CXX_LANGUAGE_STANDARD = "gnu++0x";
				CLANG_CXX_LIBRARY = "libc++";
				CLANG_ENABLE_MODULES = YES;
				CLANG_ENABLE_OBJC_ARC = YES;
				CLANG_WARN_BOOL_CONVERSION = YES;
				CLANG_WARN_CONSTANT_CONVERSION = YES;
				CLANG_WARN_DIRECT_OBJC_ISA_USAGE = YES_ERROR;
				CLANG_WARN_EMPTY_BODY = YES;
				CLANG_WARN_ENUM_CONVERSION = YES;
				CLANG_WARN_INT_CONVERSION = YES;
				CLANG_WARN_OBJC_ROOT_CLASS = YES_ERROR;
				CLANG_WARN__DUPLICATE_METHOD_MATCH = YES;
				"CODE_SIGN_IDENTITY[sdk=iphoneos*]" = "iPhone Developer";
				COPY_PHASE_STRIP = YES;
				ENABLE_NS_ASSERTIONS = NO;
				GCC_C_LANGUAGE_STANDARD = gnu99;
				GCC_WARN_64_TO_32_BIT_CONVERSION = YES;
				GCC_WARN_ABOUT_RETURN_TYPE = YES_ERROR;
				GCC_WARN_UNDECLARED_SELECTOR = YES;
				GCC_WARN_UNINITIALIZED_AUTOS = YES_AGGRESSIVE;
				GCC_WARN_UNUSED_FUNCTION = YES;
				GCC_WARN_UNUSED_VARIABLE = YES;
				IPHONEOS_DEPLOYMENT_TARGET = 7.1;
				SDKROOT = iphoneos;
				VALIDATE_PRODUCT = YES;
			};
			name = Release;
		};
		966747671AC5BE6E008E06FF /* Debug */ = {
			isa = XCBuildConfiguration;
			buildSettings = {
				ASSETCATALOG_COMPILER_APPICON_NAME = AppIcon;
				ASSETCATALOG_COMPILER_LAUNCHIMAGE_NAME = LaunchImage;
				GCC_PRECOMPILE_PREFIX_HEADER = YES;
				GCC_PREFIX_HEADER = "UserDataChallengeSolution/UserDataChallengeSolution-Prefix.pch";
				INFOPLIST_FILE = "UserDataChallengeSolution/UserDataChallengeSolution-Info.plist";
				PRODUCT_NAME = "$(TARGET_NAME)";
				WRAPPER_EXTENSION = app;
			};
			name = Debug;
		};
		966747681AC5BE6E008E06FF /* Release */ = {
			isa = XCBuildConfiguration;
			buildSettings = {
				ASSETCATALOG_COMPILER_APPICON_NAME = AppIcon;
				ASSETCATALOG_COMPILER_LAUNCHIMAGE_NAME = LaunchImage;
				GCC_PRECOMPILE_PREFIX_HEADER = YES;
				GCC_PREFIX_HEADER = "UserDataChallengeSolution/UserDataChallengeSolution-Prefix.pch";
				INFOPLIST_FILE = "UserDataChallengeSolution/UserDataChallengeSolution-Info.plist";
				PRODUCT_NAME = "$(TARGET_NAME)";
				WRAPPER_EXTENSION = app;
			};
			name = Release;
		};
		9667476A1AC5BE6E008E06FF /* Debug */ = {
			isa = XCBuildConfiguration;
			buildSettings = {
				BUNDLE_LOADER = "$(BUILT_PRODUCTS_DIR)/UserDataChallengeSolution.app/UserDataChallengeSolution";
				FRAMEWORK_SEARCH_PATHS = (
					"$(SDKROOT)/Developer/Library/Frameworks",
					"$(inherited)",
					"$(DEVELOPER_FRAMEWORKS_DIR)",
				);
				GCC_PRECOMPILE_PREFIX_HEADER = YES;
				GCC_PREFIX_HEADER = "UserDataChallengeSolution/UserDataChallengeSolution-Prefix.pch";
				GCC_PREPROCESSOR_DEFINITIONS = (
					"DEBUG=1",
					"$(inherited)",
				);
				INFOPLIST_FILE = "UserDataChallengeSolutionTests/UserDataChallengeSolutionTests-Info.plist";
				PRODUCT_NAME = "$(TARGET_NAME)";
				TEST_HOST = "$(BUNDLE_LOADER)";
				WRAPPER_EXTENSION = xctest;
			};
			name = Debug;
		};
		9667476B1AC5BE6E008E06FF /* Release */ = {
			isa = XCBuildConfiguration;
			buildSettings = {
				BUNDLE_LOADER = "$(BUILT_PRODUCTS_DIR)/UserDataChallengeSolution.app/UserDataChallengeSolution";
				FRAMEWORK_SEARCH_PATHS = (
					"$(SDKROOT)/Developer/Library/Frameworks",
					"$(inherited)",
					"$(DEVELOPER_FRAMEWORKS_DIR)",
				);
				GCC_PRECOMPILE_PREFIX_HEADER = YES;
				GCC_PREFIX_HEADER = "UserDataChallengeSolution/UserDataChallengeSolution-Prefix.pch";
				INFOPLIST_FILE = "UserDataChallengeSolutionTests/UserDataChallengeSolutionTests-Info.plist";
				PRODUCT_NAME = "$(TARGET_NAME)";
				TEST_HOST = "$(BUNDLE_LOADER)";
				WRAPPER_EXTENSION = xctest;
			};
			name = Release;
		};
/* End XCBuildConfiguration section */

/* Begin XCConfigurationList section */
		9667472F1AC5BE6E008E06FF /* Build configuration list for PBXProject "UserDataChallengeSolution" */ = {
			isa = XCConfigurationList;
			buildConfigurations = (
				966747641AC5BE6E008E06FF /* Debug */,
				966747651AC5BE6E008E06FF /* Release */,
			);
			defaultConfigurationIsVisible = 0;
			defaultConfigurationName = Release;
		};
		966747661AC5BE6E008E06FF /* Build configuration list for PBXNativeTarget "UserDataChallengeSolution" */ = {
			isa = XCConfigurationList;
			buildConfigurations = (
				966747671AC5BE6E008E06FF /* Debug */,
				966747681AC5BE6E008E06FF /* Release */,
			);
			defaultConfigurationIsVisible = 0;
		};
		966747691AC5BE6E008E06FF /* Build configuration list for PBXNativeTarget "UserDataChallengeSolutionTests" */ = {
			isa = XCConfigurationList;
			buildConfigurations = (
				9667476A1AC5BE6E008E06FF /* Debug */,
				9667476B1AC5BE6E008E06FF /* Release */,
			);
			defaultConfigurationIsVisible = 0;
		};
/* End XCConfigurationList section */
	};
	rootObject = 9667472C1AC5BE6E008E06FF /* Project object */;
}
